
Microsoft Visual Studio Solution File, Format Version 12.00
# Visual Studio Express 2012 for Windows Desktop
Project("{F184B08F-C81C-45F6-A57F-5ABD9991F28F}") = "404 Checker stage 2", "404 Checker stage 2\404 Checker stage 2.vbproj", "{CC779BCF-6A30-4D28-911C-EA4A1D4780D3}"
EndProject
Global
	GlobalSection(SolutionConfigurationPlatforms) = preSolution
		Debug|Any CPU = Debug|Any CPU
		Release|Any CPU = Release|Any CPU
	EndGlobalSection
	GlobalSection(ProjectConfigurationPlatforms) = postSolution
		{CC779BCF-6A30-4D28-911C-EA4A1D4780D3}.Debug|Any CPU.ActiveCfg = Debug|Any CPU
		{CC779BCF-6A30-4D28-911C-EA4A1D4780D3}.Debug|Any CPU.Build.0 = Debug|Any CPU
		{CC779BCF-6A30-4D28-911C-EA4A1D4780D3}.Release|Any CPU.ActiveCfg = Release|Any CPU
		{CC779BCF-6A30-4D28-911C-EA4A1D4780D3}.Release|Any CPU.Build.0 = Release|Any CPU
	EndGlobalSection
	GlobalSection(SolutionProperties) = preSolution
		HideSolutionNode = FALSE
	EndGlobalSection
EndGlobal
